# THIS IS AN AUTOGENERATED FILE. DO NOT EDIT THIS FILE DIRECTLY.
# yarn lockfile v1


"@types/node@^14.14.37":
  version "14.17.18"
  resolved "https://registry.yarnpkg.com/@types/node/-/node-14.17.18.tgz#0198489a751005f71217744aa966cd1f29447c81"
  integrity sha512-haYyibw4pbteEhkSg0xdDLAI3679L75EJ799ymVrPxOA922bPx3ML59SoDsQ//rHlvqpu+e36kcbR3XRQtFblA==

fast-xml-parser@^3.20.3:
  version "3.20.3"
  resolved "https://registry.yarnpkg.com/fast-xml-parser/-/fast-xml-parser-3.20.3.tgz#c171425356d4d929efeca4e4f67f24231a31c786"
  integrity sha512-FfHJ/QCpo4K2gquBX7dIAcmShSBG4dMtYJ3ghSiR4w7YqlUujuamrM57C+mKLNWS3mvZzmm2B2Qx8Q6Gfw+lDQ==
  dependencies:
    strnum "^1.0.4"

strnum@^1.0.4:
  version "1.0.4"
  resolved "https://registry.yarnpkg.com/strnum/-/strnum-1.0.4.tgz#e97e36a7d6ba9f93d0d6b496b2ed0678d422832b"
  integrity sha512-lMzNMfDpaQOLt4B2mEbfzYS0+T7dvCXeojnlGf6f1AygvWDMcWyXYaLbyICfjVu29sErR8fnRagQfBW/N/hGgw==

typescript@^4.2.3:
  version "4.4.3"
  resolved "https://registry.yarnpkg.com/typescript/-/typescript-4.4.3.tgz#bdc5407caa2b109efd4f82fe130656f977a29324"
  integrity sha512-4xfscpisVgqqDfPaJo5vkd+Qd/ItkoagnHpufr+i2QCHBsNYp+G7UAoyFl8aPtx879u38wPV65rZ8qbGZijalA==
